// !$*UTF8*$!
{
	archiveVersion = 1;
	classes = {
	};
	objectVersion = 46;
	objects = {

/* Begin PBXBuildFile section */
		1D77789C1E6D5A9100A33AA9 /* sour_beer.jpg in Resources */ = {isa = PBXBuildFile; fileRef = 1D77789B1E6D5A9100A33AA9 /* sour_beer.jpg */; };
		1D8FF55B1E5C9EE700A286C3 /* main.m in Sources */ = {isa = PBXBuildFile; fileRef = 1D8FF55A1E5C9EE700A286C3 /* main.m */; };
		1D8FF55E1E5C9EE700A286C3 /* AppDelegate.m in Sources */ = {isa = PBXBuildFile; fileRef = 1D8FF55D1E5C9EE700A286C3 /* AppDelegate.m */; };
		1D8FF5611E5C9EE700A286C3 /* MainMenuViewController.m in Sources */ = {isa = PBXBuildFile; fileRef = 1D8FF5601E5C9EE700A286C3 /* MainMenuViewController.m */; };
		1D8FF5641E5C9EE700A286C3 /* Main.storyboard in Resources */ = {isa = PBXBuildFile; fileRef = 1D8FF5621E5C9EE700A286C3 /* Main.storyboard */; };
		1D8FF5661E5C9EE700A286C3 /* Assets.xcassets in Resources */ = {isa = PBXBuildFile; fileRef = 1D8FF5651E5C9EE700A286C3 /* Assets.xcassets */; };
		1D8FF5691E5C9EE700A286C3 /* LaunchScreen.storyboard in Resources */ = {isa = PBXBuildFile; fileRef = 1D8FF5671E5C9EE700A286C3 /* LaunchScreen.storyboard */; };
		1D8FF5791E5C9F6A00A286C3 /* GameOverViewController.m in Sources */ = {isa = PBXBuildFile; fileRef = 1D8FF5771E5C9F6A00A286C3 /* GameOverViewController.m */; };
		1D8FF57A1E5C9F6A00A286C3 /* GameOverViewController.xib in Resources */ = {isa = PBXBuildFile; fileRef = 1D8FF5781E5C9F6A00A286C3 /* GameOverViewController.xib */; };
		1D8FF57E1E5CA00900A286C3 /* QuestionViewController.m in Sources */ = {isa = PBXBuildFile; fileRef = 1D8FF57C1E5CA00900A286C3 /* QuestionViewController.m */; };
		1D8FF57F1E5CA00900A286C3 /* QuestionViewController.xib in Resources */ = {isa = PBXBuildFile; fileRef = 1D8FF57D1E5CA00900A286C3 /* QuestionViewController.xib */; };
		1D8FF5821E5CA3CF00A286C3 /* Question.m in Sources */ = {isa = PBXBuildFile; fileRef = 1D8FF5811E5CA3CF00A286C3 /* Question.m */; };
		1D8FF5851E5CAA1B00A286C3 /* QuizSession.m in Sources */ = {isa = PBXBuildFile; fileRef = 1D8FF5841E5CAA1B00A286C3 /* QuizSession.m */; };
		1D8FF5881E5CB59600A286C3 /* Stats.m in Sources */ = {isa = PBXBuildFile; fileRef = 1D8FF5871E5CB59600A286C3 /* Stats.m */; };
		1D8FF58E1E5CC50900A286C3 /* DisablableButton.m in Sources */ = {isa = PBXBuildFile; fileRef = 1D8FF58D1E5CC50900A286C3 /* DisablableButton.m */; };
		1D8FF5961E5CCD2100A286C3 /* Quiz.plist in Resources */ = {isa = PBXBuildFile; fileRef = 1D8FF5951E5CCD2100A286C3 /* Quiz.plist */; };
		1D8FF5991E5CD42100A286C3 /* hops.jpg in Resources */ = {isa = PBXBuildFile; fileRef = 1D8FF5981E5CD42100A286C3 /* hops.jpg */; };
		1D8FF59C1E5CDD3B00A286C3 /* ShufflingArray.m in Sources */ = {isa = PBXBuildFile; fileRef = 1D8FF59B1E5CDD3B00A286C3 /* ShufflingArray.m */; };
		1D8FF5A41E5CE3BE00A286C3 /* Localizable.strings in Resources */ = {isa = PBXBuildFile; fileRef = 1D8FF5A21E5CE3BE00A286C3 /* Localizable.strings */; };
/* End PBXBuildFile section */

/* Begin PBXFileReference section */
		1D77789B1E6D5A9100A33AA9 /* sour_beer.jpg */ = {isa = PBXFileReference; lastKnownFileType = image.jpeg; path = sour_beer.jpg; sourceTree = "<group>"; };
		1D8FF5561E5C9EE700A286C3 /* BeerQuiz.app */ = {isa = PBXFileReference; explicitFileType = wrapper.application; includeInIndex = 0; path = BeerQuiz.app; sourceTree = BUILT_PRODUCTS_DIR; };
		1D8FF55A1E5C9EE700A286C3 /* main.m */ = {isa = PBXFileReference; lastKnownFileType = sourcecode.c.objc; path = main.m; sourceTree = "<group>"; };
		1D8FF55C1E5C9EE700A286C3 /* AppDelegate.h */ = {isa = PBXFileReference; lastKnownFileType = sourcecode.c.h; path = AppDelegate.h; sourceTree = "<group>"; };
		1D8FF55D1E5C9EE700A286C3 /* AppDelegate.m */ = {isa = PBXFileReference; lastKnownFileType = sourcecode.c.objc; path = AppDelegate.m; sourceTree = "<group>"; };
		1D8FF55F1E5C9EE700A286C3 /* MainMenuViewController.h */ = {isa = PBXFileReference; lastKnownFileType = sourcecode.c.h; path = MainMenuViewController.h; sourceTree = "<group>"; };
		1D8FF5601E5C9EE700A286C3 /* MainMenuViewController.m */ = {isa = PBXFileReference; lastKnownFileType = sourcecode.c.objc; path = MainMenuViewController.m; sourceTree = "<group>"; };
		1D8FF5631E5C9EE700A286C3 /* Base */ = {isa = PBXFileReference; lastKnownFileType = file.storyboard; name = Base; path = Base.lproj/Main.storyboard; sourceTree = "<group>"; };
		1D8FF5651E5C9EE700A286C3 /* Assets.xcassets */ = {isa = PBXFileReference; lastKnownFileType = folder.assetcatalog; path = Assets.xcassets; sourceTree = "<group>"; };
		1D8FF5681E5C9EE700A286C3 /* Base */ = {isa = PBXFileReference; lastKnownFileType = file.storyboard; name = Base; path = Base.lproj/LaunchScreen.storyboard; sourceTree = "<group>"; };
		1D8FF56A1E5C9EE700A286C3 /* Info.plist */ = {isa = PBXFileReference; lastKnownFileType = text.plist.xml; path = Info.plist; sourceTree = "<group>"; };
		1D8FF5761E5C9F6A00A286C3 /* GameOverViewController.h */ = {isa = PBXFileReference; fileEncoding = 4; lastKnownFileType = sourcecode.c.h; path = GameOverViewController.h; sourceTree = "<group>"; };
		1D8FF5771E5C9F6A00A286C3 /* GameOverViewController.m */ = {isa = PBXFileReference; fileEncoding = 4; lastKnownFileType = sourcecode.c.objc; path = GameOverViewController.m; sourceTree = "<group>"; };
		1D8FF5781E5C9F6A00A286C3 /* GameOverViewController.xib */ = {isa = PBXFileReference; fileEncoding = 4; lastKnownFileType = file.xib; path = GameOverViewController.xib; sourceTree = "<group>"; };
		1D8FF57B1E5CA00900A286C3 /* QuestionViewController.h */ = {isa = PBXFileReference; fileEncoding = 4; lastKnownFileType = sourcecode.c.h; path = QuestionViewController.h; sourceTree = "<group>"; };
		1D8FF57C1E5CA00900A286C3 /* QuestionViewController.m */ = {isa = PBXFileReference; fileEncoding = 4; lastKnownFileType = sourcecode.c.objc; path = QuestionViewController.m; sourceTree = "<group>"; };
		1D8FF57D1E5CA00900A286C3 /* QuestionViewController.xib */ = {isa = PBXFileReference; fileEncoding = 4; lastKnownFileType = file.xib; path = QuestionViewController.xib; sourceTree = "<group>"; };
		1D8FF5801E5CA3CF00A286C3 /* Question.h */ = {isa = PBXFileReference; fileEncoding = 4; lastKnownFileType = sourcecode.c.h; path = Question.h; sourceTree = "<group>"; };
		1D8FF5811E5CA3CF00A286C3 /* Question.m */ = {isa = PBXFileReference; fileEncoding = 4; lastKnownFileType = sourcecode.c.objc; path = Question.m; sourceTree = "<group>"; };
		1D8FF5831E5CAA1B00A286C3 /* QuizSession.h */ = {isa = PBXFileReference; fileEncoding = 4; lastKnownFileType = sourcecode.c.h; path = QuizSession.h; sourceTree = "<group>"; };
		1D8FF5841E5CAA1B00A286C3 /* QuizSession.m */ = {isa = PBXFileReference; fileEncoding = 4; lastKnownFileType = sourcecode.c.objc; path = QuizSession.m; sourceTree = "<group>"; };
		1D8FF5861E5CB59600A286C3 /* Stats.h */ = {isa = PBXFileReference; fileEncoding = 4; lastKnownFileType = sourcecode.c.h; path = Stats.h; sourceTree = "<group>"; };
		1D8FF5871E5CB59600A286C3 /* Stats.m */ = {isa = PBXFileReference; fileEncoding = 4; lastKnownFileType = sourcecode.c.objc; path = Stats.m; sourceTree = "<group>"; };
		1D8FF58C1E5CC50900A286C3 /* DisablableButton.h */ = {isa = PBXFileReference; fileEncoding = 4; lastKnownFileType = sourcecode.c.h; path = DisablableButton.h; sourceTree = "<group>"; };
		1D8FF58D1E5CC50900A286C3 /* DisablableButton.m */ = {isa = PBXFileReference; fileEncoding = 4; lastKnownFileType = sourcecode.c.objc; path = DisablableButton.m; sourceTree = "<group>"; };
		1D8FF5951E5CCD2100A286C3 /* Quiz.plist */ = {isa = PBXFileReference; fileEncoding = 4; lastKnownFileType = text.plist.xml; path = Quiz.plist; sourceTree = "<group>"; };
		1D8FF5981E5CD42100A286C3 /* hops.jpg */ = {isa = PBXFileReference; lastKnownFileType = image.jpeg; path = hops.jpg; sourceTree = "<group>"; };
		1D8FF59A1E5CDD3B00A286C3 /* ShufflingArray.h */ = {isa = PBXFileReference; fileEncoding = 4; lastKnownFileType = sourcecode.c.h; path = ShufflingArray.h; sourceTree = "<group>"; };
		1D8FF59B1E5CDD3B00A286C3 /* ShufflingArray.m */ = {isa = PBXFileReference; fileEncoding = 4; lastKnownFileType = sourcecode.c.objc; path = ShufflingArray.m; sourceTree = "<group>"; };
		1D8FF5A31E5CE3BE00A286C3 /* en */ = {isa = PBXFileReference; lastKnownFileType = text.plist.strings; name = en; path = en.lproj/Localizable.strings; sourceTree = "<group>"; };
/* End PBXFileReference section */

/* Begin PBXFrameworksBuildPhase section */
		1D8FF5531E5C9EE700A286C3 /* Frameworks */ = {
			isa = PBXFrameworksBuildPhase;
			buildActionMask = 2147483647;
			files = (
			);
			runOnlyForDeploymentPostprocessing = 0;
		};
/* End PBXFrameworksBuildPhase section */

/* Begin PBXGroup section */
		1D77789F1E6D5FD100A33AA9 /* Quiz Assets */ = {
			isa = PBXGroup;
			children = (
				1D77789B1E6D5A9100A33AA9 /* sour_beer.jpg */,
				1D8FF5981E5CD42100A286C3 /* hops.jpg */,
				1D8FF5951E5CCD2100A286C3 /* Quiz.plist */,
			);
			name = "Quiz Assets";
			sourceTree = "<group>";
		};
		1D8FF54D1E5C9EE700A286C3 = {
			isa = PBXGroup;
			children = (
				1D8FF5581E5C9EE700A286C3 /* BeerQuiz */,
				1D8FF5571E5C9EE700A286C3 /* Products */,
			);
			sourceTree = "<group>";
		};
		1D8FF5571E5C9EE700A286C3 /* Products */ = {
			isa = PBXGroup;
			children = (
				1D8FF5561E5C9EE700A286C3 /* BeerQuiz.app */,
			);
			name = Products;
			sourceTree = "<group>";
		};
		1D8FF5581E5C9EE700A286C3 /* BeerQuiz */ = {
			isa = PBXGroup;
			children = (
				1DD4C4B51E61977B009A39EC /* Categories */,
				1D77789F1E6D5FD100A33AA9 /* Quiz Assets */,
				1D8FF5711E5C9F2E00A286C3 /* Model */,
				1D8FF55C1E5C9EE700A286C3 /* AppDelegate.h */,
				1D8FF55D1E5C9EE700A286C3 /* AppDelegate.m */,
				1D8FF5701E5C9F2800A286C3 /* Controllers */,
				1D8FF5621E5C9EE700A286C3 /* Main.storyboard */,
				1D8FF5651E5C9EE700A286C3 /* Assets.xcassets */,
				1D8FF5671E5C9EE700A286C3 /* LaunchScreen.storyboard */,
				1D8FF56A1E5C9EE700A286C3 /* Info.plist */,
				1D8FF5A21E5CE3BE00A286C3 /* Localizable.strings */,
				1D8FF5591E5C9EE700A286C3 /* Supporting Files */,
			);
			path = BeerQuiz;
			sourceTree = "<group>";
		};
		1D8FF5591E5C9EE700A286C3 /* Supporting Files */ = {
			isa = PBXGroup;
			children = (
				1D8FF55A1E5C9EE700A286C3 /* main.m */,
			);
			name = "Supporting Files";
			sourceTree = "<group>";
		};
		1D8FF5701E5C9F2800A286C3 /* Controllers */ = {
			isa = PBXGroup;
			children = (
				1D8FF55F1E5C9EE700A286C3 /* MainMenuViewController.h */,
				1D8FF5601E5C9EE700A286C3 /* MainMenuViewController.m */,
				1D8FF5761E5C9F6A00A286C3 /* GameOverViewController.h */,
				1D8FF5771E5C9F6A00A286C3 /* GameOverViewController.m */,
				1D8FF5781E5C9F6A00A286C3 /* GameOverViewController.xib */,
				1D8FF57B1E5CA00900A286C3 /* QuestionViewController.h */,
				1D8FF57C1E5CA00900A286C3 /* QuestionViewController.m */,
				1D8FF57D1E5CA00900A286C3 /* QuestionViewController.xib */,
			);
			name = Controllers;
			sourceTree = "<group>";
		};
		1D8FF5711E5C9F2E00A286C3 /* Model */ = {
			isa = PBXGroup;
			children = (
				1D8FF5801E5CA3CF00A286C3 /* Question.h */,
				1D8FF5811E5CA3CF00A286C3 /* Question.m */,
				1D8FF5831E5CAA1B00A286C3 /* QuizSession.h */,
				1D8FF5841E5CAA1B00A286C3 /* QuizSession.m */,
				1D8FF5861E5CB59600A286C3 /* Stats.h */,
				1D8FF5871E5CB59600A286C3 /* Stats.m */,
			);
			name = Model;
			sourceTree = "<group>";
		};
		1DD4C4B51E61977B009A39EC /* Categories */ = {
			isa = PBXGroup;
			children = (
				1D8FF59A1E5CDD3B00A286C3 /* ShufflingArray.h */,
				1D8FF59B1E5CDD3B00A286C3 /* ShufflingArray.m */,
				1D8FF58C1E5CC50900A286C3 /* DisablableButton.h */,
				1D8FF58D1E5CC50900A286C3 /* DisablableButton.m */,
			);
			name = Categories;
			sourceTree = "<group>";
		};
/* End PBXGroup section */

/* Begin PBXNativeTarget section */
		1D8FF5551E5C9EE700A286C3 /* BeerQuiz */ = {
			isa = PBXNativeTarget;
			buildConfigurationList = 1D8FF56D1E5C9EE700A286C3 /* Build configuration list for PBXNativeTarget "BeerQuiz" */;
			buildPhases = (
				1D8FF5521E5C9EE700A286C3 /* Sources */,
				1D8FF5531E5C9EE700A286C3 /* Frameworks */,
				1D8FF5541E5C9EE700A286C3 /* Resources */,
			);
			buildRules = (
			);
			dependencies = (
			);
			name = BeerQuiz;
			productName = BeerQuiz;
			productReference = 1D8FF5561E5C9EE700A286C3 /* BeerQuiz.app */;
			productType = "com.apple.product-type.application";
		};
/* End PBXNativeTarget section */

/* Begin PBXProject section */
		1D8FF54E1E5C9EE700A286C3 /* Project object */ = {
			isa = PBXProject;
			attributes = {
				LastUpgradeCheck = 0820;
				ORGANIZATIONNAME = "Richard Simko";
				TargetAttributes = {
					1D8FF5551E5C9EE700A286C3 = {
						CreatedOnToolsVersion = 8.2.1;
						DevelopmentTeam = JR3V56VX93;
						ProvisioningStyle = Automatic;
					};
				};
			};
			buildConfigurationList = 1D8FF5511E5C9EE700A286C3 /* Build configuration list for PBXProject "BeerQuiz" */;
			compatibilityVersion = "Xcode 3.2";
			developmentRegion = English;
			hasScannedForEncodings = 0;
			knownRegions = (
				en,
				Base,
			);
			mainGroup = 1D8FF54D1E5C9EE700A286C3;
			productRefGroup = 1D8FF5571E5C9EE700A286C3 /* Products */;
			projectDirPath = "";
			projectRoot = "";
			targets = (
				1D8FF5551E5C9EE700A286C3 /* BeerQuiz */,
			);
		};
/* End PBXProject section */

/* Begin PBXResourcesBuildPhase section */
		1D8FF5541E5C9EE700A286C3 /* Resources */ = {
			isa = PBXResourcesBuildPhase;
			buildActionMask = 2147483647;
			files = (
				1D8FF5961E5CCD2100A286C3 /* Quiz.plist in Resources */,
				1D8FF57A1E5C9F6A00A286C3 /* GameOverViewController.xib in Resources */,
				1D8FF5691E5C9EE700A286C3 /* LaunchScreen.storyboard in Resources */,
				1D8FF5661E5C9EE700A286C3 /* Assets.xcassets in Resources */,
				1D8FF5641E5C9EE700A286C3 /* Main.storyboard in Resources */,
				1D8FF5A41E5CE3BE00A286C3 /* Localizable.strings in Resources */,
				1D8FF57F1E5CA00900A286C3 /* QuestionViewController.xib in Resources */,
				1D77789C1E6D5A9100A33AA9 /* sour_beer.jpg in Resources */,
				1D8FF5991E5CD42100A286C3 /* hops.jpg in Resources */,
			);
			runOnlyForDeploymentPostprocessing = 0;
		};
/* End PBXResourcesBuildPhase section */

/* Begin PBXSourcesBuildPhase section */
		1D8FF5521E5C9EE700A286C3 /* Sources */ = {
			isa = PBXSourcesBuildPhase;
			buildActionMask = 2147483647;
			files = (
				1D8FF59C1E5CDD3B00A286C3 /* ShufflingArray.m in Sources */,
				1D8FF5791E5C9F6A00A286C3 /* GameOverViewController.m in Sources */,
				1D8FF5881E5CB59600A286C3 /* Stats.m in Sources */,
				1D8FF57E1E5CA00900A286C3 /* QuestionViewController.m in Sources */,
				1D8FF58E1E5CC50900A286C3 /* DisablableButton.m in Sources */,
				1D8FF5851E5CAA1B00A286C3 /* QuizSession.m in Sources */,
				1D8FF5611E5C9EE700A286C3 /* MainMenuViewController.m in Sources */,
				1D8FF5821E5CA3CF00A286C3 /* Question.m in Sources */,
				1D8FF55E1E5C9EE700A286C3 /* AppDelegate.m in Sources */,
				1D8FF55B1E5C9EE700A286C3 /* main.m in Sources */,
			);
			runOnlyForDeploymentPostprocessing = 0;
		};
/* End PBXSourcesBuildPhase section */

/* Begin PBXVariantGroup section */
		1D8FF5621E5C9EE700A286C3 /* Main.storyboard */ = {
			isa = PBXVariantGroup;
			children = (
				1D8FF5631E5C9EE700A286C3 /* Base */,
			);
			name = Main.storyboard;
			sourceTree = "<group>";
		};
		1D8FF5671E5C9EE700A286C3 /* LaunchScreen.storyboard */ = {
			isa = PBXVariantGroup;
			children = (
				1D8FF5681E5C9EE700A286C3 /* Base */,
			);
			name = LaunchScreen.storyboard;
			sourceTree = "<group>";
		};
		1D8FF5A21E5CE3BE00A286C3 /* Localizable.strings */ = {
			isa = PBXVariantGroup;
			children = (
				1D8FF5A31E5CE3BE00A286C3 /* en */,
			);
			name = Localizable.strings;
			sourceTree = "<group>";
		};
/* End PBXVariantGroup section */

/* Begin XCBuildConfiguration section */
		1D8FF56B1E5C9EE700A286C3 /* Debug */ = {
			isa = XCBuildConfiguration;
			buildSettings = {
				ALWAYS_SEARCH_USER_PATHS = NO;
				CLANG_ANALYZER_LOCALIZABILITY_NONLOCALIZED = YES;
				CLANG_ANALYZER_NONNULL = YES;
				CLANG_CXX_LANGUAGE_STANDARD = "gnu++0x";
				CLANG_CXX_LIBRARY = "libc++";
				CLANG_ENABLE_MODULES = YES;
				CLANG_ENABLE_OBJC_ARC = YES;
				CLANG_WARN_BOOL_CONVERSION = YES;
				CLANG_WARN_CONSTANT_CONVERSION = YES;
				CLANG_WARN_DIRECT_OBJC_ISA_USAGE = YES_ERROR;
				CLANG_WARN_DOCUMENTATION_COMMENTS = YES;
				CLANG_WARN_EMPTY_BODY = YES;
				CLANG_WARN_ENUM_CONVERSION = YES;
				CLANG_WARN_INFINITE_RECURSION = YES;
				CLANG_WARN_INT_CONVERSION = YES;
				CLANG_WARN_OBJC_ROOT_CLASS = YES_ERROR;
				CLANG_WARN_SUSPICIOUS_MOVE = YES;
				CLANG_WARN_UNREACHABLE_CODE = YES;
				CLANG_WARN__DUPLICATE_METHOD_MATCH = YES;
				"CODE_SIGN_IDENTITY[sdk=iphoneos*]" = "iPhone Developer";
				COPY_PHASE_STRIP = NO;
				DEBUG_INFORMATION_FORMAT = dwarf;
				ENABLE_STRICT_OBJC_MSGSEND = YES;
				ENABLE_TESTABILITY = YES;
				GCC_C_LANGUAGE_STANDARD = gnu99;
				GCC_DYNAMIC_NO_PIC = NO;
				GCC_NO_COMMON_BLOCKS = YES;
				GCC_OPTIMIZATION_LEVEL = 0;
				GCC_PREPROCESSOR_DEFINITIONS = (
					"DEBUG=1",
					"$(inherited)",
				);
				GCC_WARN_64_TO_32_BIT_CONVERSION = YES;
				GCC_WARN_ABOUT_RETURN_TYPE = YES_ERROR;
				GCC_WARN_UNDECLARED_SELECTOR = YES;
				GCC_WARN_UNINITIALIZED_AUTOS = YES_AGGRESSIVE;
				GCC_WARN_UNUSED_FUNCTION = YES;
				GCC_WARN_UNUSED_VARIABLE = YES;
				IPHONEOS_DEPLOYMENT_TARGET = 10.2;
				MTL_ENABLE_DEBUG_INFO = YES;
				ONLY_ACTIVE_ARCH = YES;
				SDKROOT = iphoneos;
			};
			name = Debug;
		};
		1D8FF56C1E5C9EE700A286C3 /* Release */ = {
			isa = XCBuildConfiguration;
			buildSettings = {
				ALWAYS_SEARCH_USER_PATHS = NO;
				CLANG_ANALYZER_LOCALIZABILITY_NONLOCALIZED = YES;
				CLANG_ANALYZER_NONNULL = YES;
				CLANG_CXX_LANGUAGE_STANDARD = "gnu++0x";
				CLANG_CXX_LIBRARY = "libc++";
				CLANG_ENABLE_MODULES = YES;
				CLANG_ENABLE_OBJC_ARC = YES;
				CLANG_WARN_BOOL_CONVERSION = YES;
				CLANG_WARN_CONSTANT_CONVERSION = YES;
				CLANG_WARN_DIRECT_OBJC_ISA_USAGE = YES_ERROR;
				CLANG_WARN_DOCUMENTATION_COMMENTS = YES;
				CLANG_WARN_EMPTY_BODY = YES;
				CLANG_WARN_ENUM_CONVERSION = YES;
				CLANG_WARN_INFINITE_RECURSION = YES;
				CLANG_WARN_INT_CONVERSION = YES;
				CLANG_WARN_OBJC_ROOT_CLASS = YES_ERROR;
				CLANG_WARN_SUSPICIOUS_MOVE = YES;
				CLANG_WARN_UNREACHABLE_CODE = YES;
				CLANG_WARN__DUPLICATE_METHOD_MATCH = YES;
				"CODE_SIGN_IDENTITY[sdk=iphoneos*]" = "iPhone Developer";
				COPY_PHASE_STRIP = NO;
				DEBUG_INFORMATION_FORMAT = "dwarf-with-dsym";
				ENABLE_NS_ASSERTIONS = NO;
				ENABLE_STRICT_OBJC_MSGSEND = YES;
				GCC_C_LANGUAGE_STANDARD = gnu99;
				GCC_NO_COMMON_BLOCKS = YES;
				GCC_WARN_64_TO_32_BIT_CONVERSION = YES;
				GCC_WARN_ABOUT_RETURN_TYPE = YES_ERROR;
				GCC_WARN_UNDECLARED_SELECTOR = YES;
				GCC_WARN_UNINITIALIZED_AUTOS = YES_AGGRESSIVE;
				GCC_WARN_UNUSED_FUNCTION = YES;
				GCC_WARN_UNUSED_VARIABLE = YES;
				IPHONEOS_DEPLOYMENT_TARGET = 10.2;
				MTL_ENABLE_DEBUG_INFO = NO;
				SDKROOT = iphoneos;
				VALIDATE_PRODUCT = YES;
			};
			name = Release;
		};
		1D8FF56E1E5C9EE700A286C3 /* Debug */ = {
			isa = XCBuildConfiguration;
			buildSettings = {
				ASSETCATALOG_COMPILER_APPICON_NAME = AppIcon;
				DEVELOPMENT_TEAM = JR3V56VX93;
				INFOPLIST_FILE = BeerQuiz/Info.plist;
				LD_RUNPATH_SEARCH_PATHS = "$(inherited) @executable_path/Frameworks";
				PRODUCT_BUNDLE_IDENTIFIER = test.BeerQuiz;
				PRODUCT_NAME = "$(TARGET_NAME)";
			};
			name = Debug;
		};
		1D8FF56F1E5C9EE700A286C3 /* Release */ = {
			isa = XCBuildConfiguration;
			buildSettings = {
				ASSETCATALOG_COMPILER_APPICON_NAME = AppIcon;
				DEVELOPMENT_TEAM = JR3V56VX93;
				INFOPLIST_FILE = BeerQuiz/Info.plist;
				LD_RUNPATH_SEARCH_PATHS = "$(inherited) @executable_path/Frameworks";
				PRODUCT_BUNDLE_IDENTIFIER = test.BeerQuiz;
				PRODUCT_NAME = "$(TARGET_NAME)";
			};
			name = Release;
		};
/* End XCBuildConfiguration section */

/* Begin XCConfigurationList section */
		1D8FF5511E5C9EE700A286C3 /* Build configuration list for PBXProject "BeerQuiz" */ = {
			isa = XCConfigurationList;
			buildConfigurations = (
				1D8FF56B1E5C9EE700A286C3 /* Debug */,
				1D8FF56C1E5C9EE700A286C3 /* Release */,
			);
			defaultConfigurationIsVisible = 0;
			defaultConfigurationName = Release;
		};
		1D8FF56D1E5C9EE700A286C3 /* Build configuration list for PBXNativeTarget "BeerQuiz" */ = {
			isa = XCConfigurationList;
			buildConfigurations = (
				1D8FF56E1E5C9EE700A286C3 /* Debug */,
				1D8FF56F1E5C9EE700A286C3 /* Release */,
			);
			defaultConfigurationIsVisible = 0;
			defaultConfigurationName = Release;
		};
/* End XCConfigurationList section */
	};
	rootObject = 1D8FF54E1E5C9EE700A286C3 /* Project object */;
}
